// !$*UTF8*$!
{
	archiveVersion = 1;
	classes = {
	};
	objectVersion = 56;
	objects = {

/* Begin PBXBuildFile section */
		821CBE7F292BB0DB00BF9CBF /* AppDelegate.swift in Sources */ = {isa = PBXBuildFile; fileRef = 821CBE7E292BB0DB00BF9CBF /* AppDelegate.swift */; };
		821CBE81292BB0DB00BF9CBF /* SceneDelegate.swift in Sources */ = {isa = PBXBuildFile; fileRef = 821CBE80292BB0DB00BF9CBF /* SceneDelegate.swift */; };
		821CBE83292BB0DB00BF9CBF /* MainViewController.swift in Sources */ = {isa = PBXBuildFile; fileRef = 821CBE82292BB0DB00BF9CBF /* MainViewController.swift */; };
		821CBE86292BB0DB00BF9CBF /* Main.storyboard in Resources */ = {isa = PBXBuildFile; fileRef = 821CBE84292BB0DB00BF9CBF /* Main.storyboard */; };
		821CBE88292BB0DC00BF9CBF /* Assets.xcassets in Resources */ = {isa = PBXBuildFile; fileRef = 821CBE87292BB0DC00BF9CBF /* Assets.xcassets */; };
		821CBE8B292BB0DC00BF9CBF /* LaunchScreen.storyboard in Resources */ = {isa = PBXBuildFile; fileRef = 821CBE89292BB0DC00BF9CBF /* LaunchScreen.storyboard */; };
		821CBE9D292BB7F600BF9CBF /* Extensions.swift in Sources */ = {isa = PBXBuildFile; fileRef = 821CBE9C292BB7F600BF9CBF /* Extensions.swift */; };
		821CBE9F292BB82100BF9CBF /* FoodModel.swift in Sources */ = {isa = PBXBuildFile; fileRef = 821CBE9E292BB82100BF9CBF /* FoodModel.swift */; };
		821CBEA2292BBBFB00BF9CBF /* FoodTableViewCell.swift in Sources */ = {isa = PBXBuildFile; fileRef = 821CBEA0292BBBFB00BF9CBF /* FoodTableViewCell.swift */; };
		821CBEA3292BBBFB00BF9CBF /* FoodTableViewCell.xib in Resources */ = {isa = PBXBuildFile; fileRef = 821CBEA1292BBBFB00BF9CBF /* FoodTableViewCell.xib */; };
		822701BF2933AA0D00E9950A /* IngredientsCollectionViewCell.swift in Sources */ = {isa = PBXBuildFile; fileRef = 822701BE2933AA0D00E9950A /* IngredientsCollectionViewCell.swift */; };
		82299506293783060091A2AC /* StepTableViewCell.swift in Sources */ = {isa = PBXBuildFile; fileRef = 82299504293783060091A2AC /* StepTableViewCell.swift */; };
		82299507293783060091A2AC /* StepTableViewCell.xib in Resources */ = {isa = PBXBuildFile; fileRef = 82299505293783060091A2AC /* StepTableViewCell.xib */; };
		8229950A29378DAB0091A2AC /* Kingfisher in Frameworks */ = {isa = PBXBuildFile; productRef = 8229950929378DAB0091A2AC /* Kingfisher */; };
		8229950C29379CA60091A2AC /* IngredientSource.swift in Sources */ = {isa = PBXBuildFile; fileRef = 8229950B29379CA60091A2AC /* IngredientSource.swift */; };
		82CD0B502933211900DF28F7 /* DetailRecipeViewController.swift in Sources */ = {isa = PBXBuildFile; fileRef = 82CD0B4F2933211900DF28F7 /* DetailRecipeViewController.swift */; };
		82CD0B522933232800DF28F7 /* ProfileViewController.swift in Sources */ = {isa = PBXBuildFile; fileRef = 82CD0B512933232800DF28F7 /* ProfileViewController.swift */; };
/* End PBXBuildFile section */

/* Begin PBXFileReference section */
		821CBE7B292BB0DB00BF9CBF /* resepku.app */ = {isa = PBXFileReference; explicitFileType = wrapper.application; includeInIndex = 0; path = resepku.app; sourceTree = BUILT_PRODUCTS_DIR; };
		821CBE7E292BB0DB00BF9CBF /* AppDelegate.swift */ = {isa = PBXFileReference; lastKnownFileType = sourcecode.swift; path = AppDelegate.swift; sourceTree = "<group>"; };
		821CBE80292BB0DB00BF9CBF /* SceneDelegate.swift */ = {isa = PBXFileReference; lastKnownFileType = sourcecode.swift; path = SceneDelegate.swift; sourceTree = "<group>"; };
		821CBE82292BB0DB00BF9CBF /* MainViewController.swift */ = {isa = PBXFileReference; lastKnownFileType = sourcecode.swift; path = MainViewController.swift; sourceTree = "<group>"; };
		821CBE85292BB0DB00BF9CBF /* Base */ = {isa = PBXFileReference; lastKnownFileType = file.storyboard; name = Base; path = Base.lproj/Main.storyboard; sourceTree = "<group>"; };
		821CBE87292BB0DC00BF9CBF /* Assets.xcassets */ = {isa = PBXFileReference; lastKnownFileType = folder.assetcatalog; path = Assets.xcassets; sourceTree = "<group>"; };
		821CBE8A292BB0DC00BF9CBF /* Base */ = {isa = PBXFileReference; lastKnownFileType = file.storyboard; name = Base; path = Base.lproj/LaunchScreen.storyboard; sourceTree = "<group>"; };
		821CBE8C292BB0DC00BF9CBF /* Info.plist */ = {isa = PBXFileReference; lastKnownFileType = text.plist.xml; path = Info.plist; sourceTree = "<group>"; };
		821CBE9C292BB7F600BF9CBF /* Extensions.swift */ = {isa = PBXFileReference; lastKnownFileType = sourcecode.swift; path = Extensions.swift; sourceTree = "<group>"; };
		821CBE9E292BB82100BF9CBF /* FoodModel.swift */ = {isa = PBXFileReference; lastKnownFileType = sourcecode.swift; path = FoodModel.swift; sourceTree = "<group>"; };
		821CBEA0292BBBFB00BF9CBF /* FoodTableViewCell.swift */ = {isa = PBXFileReference; lastKnownFileType = sourcecode.swift; path = FoodTableViewCell.swift; sourceTree = "<group>"; };
		821CBEA1292BBBFB00BF9CBF /* FoodTableViewCell.xib */ = {isa = PBXFileReference; lastKnownFileType = file.xib; path = FoodTableViewCell.xib; sourceTree = "<group>"; };
		822701BE2933AA0D00E9950A /* IngredientsCollectionViewCell.swift */ = {isa = PBXFileReference; lastKnownFileType = sourcecode.swift; path = IngredientsCollectionViewCell.swift; sourceTree = "<group>"; };
		82299504293783060091A2AC /* StepTableViewCell.swift */ = {isa = PBXFileReference; lastKnownFileType = sourcecode.swift; path = StepTableViewCell.swift; sourceTree = "<group>"; };
		82299505293783060091A2AC /* StepTableViewCell.xib */ = {isa = PBXFileReference; lastKnownFileType = file.xib; path = StepTableViewCell.xib; sourceTree = "<group>"; };
		8229950B29379CA60091A2AC /* IngredientSource.swift */ = {isa = PBXFileReference; lastKnownFileType = sourcecode.swift; path = IngredientSource.swift; sourceTree = "<group>"; };
		82CD0B4F2933211900DF28F7 /* DetailRecipeViewController.swift */ = {isa = PBXFileReference; lastKnownFileType = sourcecode.swift; path = DetailRecipeViewController.swift; sourceTree = "<group>"; };
		82CD0B512933232800DF28F7 /* ProfileViewController.swift */ = {isa = PBXFileReference; lastKnownFileType = sourcecode.swift; path = ProfileViewController.swift; sourceTree = "<group>"; };
/* End PBXFileReference section */

/* Begin PBXFrameworksBuildPhase section */
		821CBE78292BB0DB00BF9CBF /* Frameworks */ = {
			isa = PBXFrameworksBuildPhase;
			buildActionMask = 2147483647;
			files = (
				8229950A29378DAB0091A2AC /* Kingfisher in Frameworks */,
			);
			runOnlyForDeploymentPostprocessing = 0;
		};
/* End PBXFrameworksBuildPhase section */

/* Begin PBXGroup section */
		821CBE72292BB0DB00BF9CBF = {
			isa = PBXGroup;
			children = (
				821CBE7D292BB0DB00BF9CBF /* resepku */,
				821CBE7C292BB0DB00BF9CBF /* Products */,
			);
			sourceTree = "<group>";
		};
		821CBE7C292BB0DB00BF9CBF /* Products */ = {
			isa = PBXGroup;
			children = (
				821CBE7B292BB0DB00BF9CBF /* resepku.app */,
			);
			name = Products;
			sourceTree = "<group>";
		};
		821CBE7D292BB0DB00BF9CBF /* resepku */ = {
			isa = PBXGroup;
			children = (
				821CBE7E292BB0DB00BF9CBF /* AppDelegate.swift */,
				821CBE80292BB0DB00BF9CBF /* SceneDelegate.swift */,
				821CBE98292BB60000BF9CBF /* Model */,
				821CBE9B292BB61200BF9CBF /* View */,
				821CBE97292BB5EE00BF9CBF /* Controller */,
				821CBE9A292BB60C00BF9CBF /* Helper */,
				821CBE87292BB0DC00BF9CBF /* Assets.xcassets */,
				821CBE89292BB0DC00BF9CBF /* LaunchScreen.storyboard */,
				821CBE8C292BB0DC00BF9CBF /* Info.plist */,
			);
			path = resepku;
			sourceTree = "<group>";
		};
		821CBE97292BB5EE00BF9CBF /* Controller */ = {
			isa = PBXGroup;
			children = (
				821CBE82292BB0DB00BF9CBF /* MainViewController.swift */,
				82CD0B4F2933211900DF28F7 /* DetailRecipeViewController.swift */,
				82CD0B512933232800DF28F7 /* ProfileViewController.swift */,
			);
			path = Controller;
			sourceTree = "<group>";
		};
		821CBE98292BB60000BF9CBF /* Model */ = {
			isa = PBXGroup;
			children = (
				821CBE9E292BB82100BF9CBF /* FoodModel.swift */,
			);
			path = Model;
			sourceTree = "<group>";
		};
		821CBE9A292BB60C00BF9CBF /* Helper */ = {
			isa = PBXGroup;
			children = (
				821CBE9C292BB7F600BF9CBF /* Extensions.swift */,
				8229950B29379CA60091A2AC /* IngredientSource.swift */,
			);
			path = Helper;
			sourceTree = "<group>";
		};
		821CBE9B292BB61200BF9CBF /* View */ = {
			isa = PBXGroup;
			children = (
				821CBE84292BB0DB00BF9CBF /* Main.storyboard */,
				821CBEA0292BBBFB00BF9CBF /* FoodTableViewCell.swift */,
				821CBEA1292BBBFB00BF9CBF /* FoodTableViewCell.xib */,
				822701BE2933AA0D00E9950A /* IngredientsCollectionViewCell.swift */,
				82299504293783060091A2AC /* StepTableViewCell.swift */,
				82299505293783060091A2AC /* StepTableViewCell.xib */,
			);
			path = View;
			sourceTree = "<group>";
		};
/* End PBXGroup section */

/* Begin PBXNativeTarget section */
		821CBE7A292BB0DB00BF9CBF /* resepku */ = {
			isa = PBXNativeTarget;
			buildConfigurationList = 821CBE8F292BB0DC00BF9CBF /* Build configuration list for PBXNativeTarget "resepku" */;
			buildPhases = (
				821CBE77292BB0DB00BF9CBF /* Sources */,
				821CBE78292BB0DB00BF9CBF /* Frameworks */,
				821CBE79292BB0DB00BF9CBF /* Resources */,
			);
			buildRules = (
			);
			dependencies = (
			);
			name = resepku;
			packageProductDependencies = (
				8229950929378DAB0091A2AC /* Kingfisher */,
			);
			productName = resepku;
			productReference = 821CBE7B292BB0DB00BF9CBF /* resepku.app */;
			productType = "com.apple.product-type.application";
		};
/* End PBXNativeTarget section */

/* Begin PBXProject section */
		821CBE73292BB0DB00BF9CBF /* Project object */ = {
			isa = PBXProject;
			attributes = {
				BuildIndependentTargetsInParallel = 1;
				LastSwiftUpdateCheck = 1400;
				LastUpgradeCheck = 1400;
				TargetAttributes = {
					821CBE7A292BB0DB00BF9CBF = {
						CreatedOnToolsVersion = 14.0.1;
					};
				};
			};
			buildConfigurationList = 821CBE76292BB0DB00BF9CBF /* Build configuration list for PBXProject "resepku" */;
			compatibilityVersion = "Xcode 14.0";
			developmentRegion = en;
			hasScannedForEncodings = 0;
			knownRegions = (
				en,
				Base,
			);
			mainGroup = 821CBE72292BB0DB00BF9CBF;
			packageReferences = (
				8229950829378DAB0091A2AC /* XCRemoteSwiftPackageReference "Kingfisher" */,
			);
			productRefGroup = 821CBE7C292BB0DB00BF9CBF /* Products */;
			projectDirPath = "";
			projectRoot = "";
			targets = (
				821CBE7A292BB0DB00BF9CBF /* resepku */,
			);
		};
/* End PBXProject section */

/* Begin PBXResourcesBuildPhase section */
		821CBE79292BB0DB00BF9CBF /* Resources */ = {
			isa = PBXResourcesBuildPhase;
			buildActionMask = 2147483647;
			files = (
				821CBE8B292BB0DC00BF9CBF /* LaunchScreen.storyboard in Resources */,
				82299507293783060091A2AC /* StepTableViewCell.xib in Resources */,
				821CBEA3292BBBFB00BF9CBF /* FoodTableViewCell.xib in Resources */,
				821CBE88292BB0DC00BF9CBF /* Assets.xcassets in Resources */,
				821CBE86292BB0DB00BF9CBF /* Main.storyboard in Resources */,
			);
			runOnlyForDeploymentPostprocessing = 0;
		};
/* End PBXResourcesBuildPhase section */

/* Begin PBXSourcesBuildPhase section */
		821CBE77292BB0DB00BF9CBF /* Sources */ = {
			isa = PBXSourcesBuildPhase;
			buildActionMask = 2147483647;
			files = (
				822701BF2933AA0D00E9950A /* IngredientsCollectionViewCell.swift in Sources */,
				821CBE9F292BB82100BF9CBF /* FoodModel.swift in Sources */,
				821CBE83292BB0DB00BF9CBF /* MainViewController.swift in Sources */,
				82299506293783060091A2AC /* StepTableViewCell.swift in Sources */,
				821CBE7F292BB0DB00BF9CBF /* AppDelegate.swift in Sources */,
				8229950C29379CA60091A2AC /* IngredientSource.swift in Sources */,
				821CBE81292BB0DB00BF9CBF /* SceneDelegate.swift in Sources */,
				82CD0B502933211900DF28F7 /* DetailRecipeViewController.swift in Sources */,
				821CBE9D292BB7F600BF9CBF /* Extensions.swift in Sources */,
				82CD0B522933232800DF28F7 /* ProfileViewController.swift in Sources */,
				821CBEA2292BBBFB00BF9CBF /* FoodTableViewCell.swift in Sources */,
			);
			runOnlyForDeploymentPostprocessing = 0;
		};
/* End PBXSourcesBuildPhase section */

/* Begin PBXVariantGroup section */
		821CBE84292BB0DB00BF9CBF /* Main.storyboard */ = {
			isa = PBXVariantGroup;
			children = (
				821CBE85292BB0DB00BF9CBF /* Base */,
			);
			name = Main.storyboard;
			sourceTree = "<group>";
		};
		821CBE89292BB0DC00BF9CBF /* LaunchScreen.storyboard */ = {
			isa = PBXVariantGroup;
			children = (
				821CBE8A292BB0DC00BF9CBF /* Base */,
			);
			name = LaunchScreen.storyboard;
			sourceTree = "<group>";
		};
/* End PBXVariantGroup section */

/* Begin XCBuildConfiguration section */
		821CBE8D292BB0DC00BF9CBF /* Debug */ = {
			isa = XCBuildConfiguration;
			buildSettings = {
				ALWAYS_SEARCH_USER_PATHS = NO;
				CLANG_ANALYZER_NONNULL = YES;
				CLANG_ANALYZER_NUMBER_OBJECT_CONVERSION = YES_AGGRESSIVE;
				CLANG_CXX_LANGUAGE_STANDARD = "gnu++20";
				CLANG_ENABLE_MODULES = YES;
				CLANG_ENABLE_OBJC_ARC = YES;
				CLANG_ENABLE_OBJC_WEAK = YES;
				CLANG_WARN_BLOCK_CAPTURE_AUTORELEASING = YES;
				CLANG_WARN_BOOL_CONVERSION = YES;
				CLANG_WARN_COMMA = YES;
				CLANG_WARN_CONSTANT_CONVERSION = YES;
				CLANG_WARN_DEPRECATED_OBJC_IMPLEMENTATIONS = YES;
				CLANG_WARN_DIRECT_OBJC_ISA_USAGE = YES_ERROR;
				CLANG_WARN_DOCUMENTATION_COMMENTS = YES;
				CLANG_WARN_EMPTY_BODY = YES;
				CLANG_WARN_ENUM_CONVERSION = YES;
				CLANG_WARN_INFINITE_RECURSION = YES;
				CLANG_WARN_INT_CONVERSION = YES;
				CLANG_WARN_NON_LITERAL_NULL_CONVERSION = YES;
				CLANG_WARN_OBJC_IMPLICIT_RETAIN_SELF = YES;
				CLANG_WARN_OBJC_LITERAL_CONVERSION = YES;
				CLANG_WARN_OBJC_ROOT_CLASS = YES_ERROR;
				CLANG_WARN_QUOTED_INCLUDE_IN_FRAMEWORK_HEADER = YES;
				CLANG_WARN_RANGE_LOOP_ANALYSIS = YES;
				CLANG_WARN_STRICT_PROTOTYPES = YES;
				CLANG_WARN_SUSPICIOUS_MOVE = YES;
				CLANG_WARN_UNGUARDED_AVAILABILITY = YES_AGGRESSIVE;
				CLANG_WARN_UNREACHABLE_CODE = YES;
				CLANG_WARN__DUPLICATE_METHOD_MATCH = YES;
				COPY_PHASE_STRIP = NO;
				DEBUG_INFORMATION_FORMAT = dwarf;
				ENABLE_STRICT_OBJC_MSGSEND = YES;
				ENABLE_TESTABILITY = YES;
				GCC_C_LANGUAGE_STANDARD = gnu11;
				GCC_DYNAMIC_NO_PIC = NO;
				GCC_NO_COMMON_BLOCKS = YES;
				GCC_OPTIMIZATION_LEVEL = 0;
				GCC_PREPROCESSOR_DEFINITIONS = (
					"DEBUG=1",
					"$(inherited)",
				);
				GCC_WARN_64_TO_32_BIT_CONVERSION = YES;
				GCC_WARN_ABOUT_RETURN_TYPE = YES_ERROR;
				GCC_WARN_UNDECLARED_SELECTOR = YES;
				GCC_WARN_UNINITIALIZED_AUTOS = YES_AGGRESSIVE;
				GCC_WARN_UNUSED_FUNCTION = YES;
				GCC_WARN_UNUSED_VARIABLE = YES;
				IPHONEOS_DEPLOYMENT_TARGET = 16.0;
				MTL_ENABLE_DEBUG_INFO = INCLUDE_SOURCE;
				MTL_FAST_MATH = YES;
				ONLY_ACTIVE_ARCH = YES;
				SDKROOT = iphoneos;
				SWIFT_ACTIVE_COMPILATION_CONDITIONS = DEBUG;
				SWIFT_OPTIMIZATION_LEVEL = "-Onone";
			};
			name = Debug;
		};
		821CBE8E292BB0DC00BF9CBF /* Release */ = {
			isa = XCBuildConfiguration;
			buildSettings = {
				ALWAYS_SEARCH_USER_PATHS = NO;
				CLANG_ANALYZER_NONNULL = YES;
				CLANG_ANALYZER_NUMBER_OBJECT_CONVERSION = YES_AGGRESSIVE;
				CLANG_CXX_LANGUAGE_STANDARD = "gnu++20";
				CLANG_ENABLE_MODULES = YES;
				CLANG_ENABLE_OBJC_ARC = YES;
				CLANG_ENABLE_OBJC_WEAK = YES;
				CLANG_WARN_BLOCK_CAPTURE_AUTORELEASING = YES;
				CLANG_WARN_BOOL_CONVERSION = YES;
				CLANG_WARN_COMMA = YES;
				CLANG_WARN_CONSTANT_CONVERSION = YES;
				CLANG_WARN_DEPRECATED_OBJC_IMPLEMENTATIONS = YES;
				CLANG_WARN_DIRECT_OBJC_ISA_USAGE = YES_ERROR;
				CLANG_WARN_DOCUMENTATION_COMMENTS = YES;
				CLANG_WARN_EMPTY_BODY = YES;
				CLANG_WARN_ENUM_CONVERSION = YES;
				CLANG_WARN_INFINITE_RECURSION = YES;
				CLANG_WARN_INT_CONVERSION = YES;
				CLANG_WARN_NON_LITERAL_NULL_CONVERSION = YES;
				CLANG_WARN_OBJC_IMPLICIT_RETAIN_SELF = YES;
				CLANG_WARN_OBJC_LITERAL_CONVERSION = YES;
				CLANG_WARN_OBJC_ROOT_CLASS = YES_ERROR;
				CLANG_WARN_QUOTED_INCLUDE_IN_FRAMEWORK_HEADER = YES;
				CLANG_WARN_RANGE_LOOP_ANALYSIS = YES;
				CLANG_WARN_STRICT_PROTOTYPES = YES;
				CLANG_WARN_SUSPICIOUS_MOVE = YES;
				CLANG_WARN_UNGUARDED_AVAILABILITY = YES_AGGRESSIVE;
				CLANG_WARN_UNREACHABLE_CODE = YES;
				CLANG_WARN__DUPLICATE_METHOD_MATCH = YES;
				COPY_PHASE_STRIP = NO;
				DEBUG_INFORMATION_FORMAT = "dwarf-with-dsym";
				ENABLE_NS_ASSERTIONS = NO;
				ENABLE_STRICT_OBJC_MSGSEND = YES;
				GCC_C_LANGUAGE_STANDARD = gnu11;
				GCC_NO_COMMON_BLOCKS = YES;
				GCC_WARN_64_TO_32_BIT_CONVERSION = YES;
				GCC_WARN_ABOUT_RETURN_TYPE = YES_ERROR;
				GCC_WARN_UNDECLARED_SELECTOR = YES;
				GCC_WARN_UNINITIALIZED_AUTOS = YES_AGGRESSIVE;
				GCC_WARN_UNUSED_FUNCTION = YES;
				GCC_WARN_UNUSED_VARIABLE = YES;
				IPHONEOS_DEPLOYMENT_TARGET = 16.0;
				MTL_ENABLE_DEBUG_INFO = NO;
				MTL_FAST_MATH = YES;
				SDKROOT = iphoneos;
				SWIFT_COMPILATION_MODE = wholemodule;
				SWIFT_OPTIMIZATION_LEVEL = "-O";
				VALIDATE_PRODUCT = YES;
			};
			name = Release;
		};
		821CBE90292BB0DC00BF9CBF /* Debug */ = {
			isa = XCBuildConfiguration;
			buildSettings = {
				ASSETCATALOG_COMPILER_APPICON_NAME = AppIcon;
				ASSETCATALOG_COMPILER_GLOBAL_ACCENT_COLOR_NAME = AccentColor;
				CODE_SIGN_STYLE = Automatic;
				CURRENT_PROJECT_VERSION = 1;
				GENERATE_INFOPLIST_FILE = YES;
				INFOPLIST_FILE = resepku/Info.plist;
				INFOPLIST_KEY_UIApplicationSupportsIndirectInputEvents = YES;
				INFOPLIST_KEY_UILaunchStoryboardName = LaunchScreen;
				INFOPLIST_KEY_UIMainStoryboardFile = Main;
				INFOPLIST_KEY_UISupportedInterfaceOrientations_iPad = "UIInterfaceOrientationPortrait UIInterfaceOrientationPortraitUpsideDown UIInterfaceOrientationLandscapeLeft UIInterfaceOrientationLandscapeRight";
				INFOPLIST_KEY_UISupportedInterfaceOrientations_iPhone = "UIInterfaceOrientationPortrait UIInterfaceOrientationLandscapeLeft UIInterfaceOrientationLandscapeRight";
				LD_RUNPATH_SEARCH_PATHS = (
					"$(inherited)",
					"@executable_path/Frameworks",
				);
				MARKETING_VERSION = 1.0;
				PRODUCT_BUNDLE_IDENTIFIER = com.tioooooo.resepku;
				PRODUCT_NAME = "$(TARGET_NAME)";
				SWIFT_EMIT_LOC_STRINGS = YES;
				SWIFT_VERSION = 5.0;
				TARGETED_DEVICE_FAMILY = "1,2";
			};
			name = Debug;
		};
		821CBE91292BB0DC00BF9CBF /* Release */ = {
			isa = XCBuildConfiguration;
			buildSettings = {
				ASSETCATALOG_COMPILER_APPICON_NAME = AppIcon;
				ASSETCATALOG_COMPILER_GLOBAL_ACCENT_COLOR_NAME = AccentColor;
				CODE_SIGN_STYLE = Automatic;
				CURRENT_PROJECT_VERSION = 1;
				GENERATE_INFOPLIST_FILE = YES;
				INFOPLIST_FILE = resepku/Info.plist;
				INFOPLIST_KEY_UIApplicationSupportsIndirectInputEvents = YES;
				INFOPLIST_KEY_UILaunchStoryboardName = LaunchScreen;
				INFOPLIST_KEY_UIMainStoryboardFile = Main;
				INFOPLIST_KEY_UISupportedInterfaceOrientations_iPad = "UIInterfaceOrientationPortrait UIInterfaceOrientationPortraitUpsideDown UIInterfaceOrientationLandscapeLeft UIInterfaceOrientationLandscapeRight";
				INFOPLIST_KEY_UISupportedInterfaceOrientations_iPhone = "UIInterfaceOrientationPortrait UIInterfaceOrientationLandscapeLeft UIInterfaceOrientationLandscapeRight";
				LD_RUNPATH_SEARCH_PATHS = (
					"$(inherited)",
					"@executable_path/Frameworks",
				);
				MARKETING_VERSION = 1.0;
				PRODUCT_BUNDLE_IDENTIFIER = com.tioooooo.resepku;
				PRODUCT_NAME = "$(TARGET_NAME)";
				SWIFT_EMIT_LOC_STRINGS = YES;
				SWIFT_VERSION = 5.0;
				TARGETED_DEVICE_FAMILY = "1,2";
			};
			name = Release;
		};
/* End XCBuildConfiguration section */

/* Begin XCConfigurationList section */
		821CBE76292BB0DB00BF9CBF /* Build configuration list for PBXProject "resepku" */ = {
			isa = XCConfigurationList;
			buildConfigurations = (
				821CBE8D292BB0DC00BF9CBF /* Debug */,
				821CBE8E292BB0DC00BF9CBF /* Release */,
			);
			defaultConfigurationIsVisible = 0;
			defaultConfigurationName = Release;
		};
		821CBE8F292BB0DC00BF9CBF /* Build configuration list for PBXNativeTarget "resepku" */ = {
			isa = XCConfigurationList;
			buildConfigurations = (
				821CBE90292BB0DC00BF9CBF /* Debug */,
				821CBE91292BB0DC00BF9CBF /* Release */,
			);
			defaultConfigurationIsVisible = 0;
			defaultConfigurationName = Release;
		};
/* End XCConfigurationList section */

/* Begin XCRemoteSwiftPackageReference section */
		8229950829378DAB0091A2AC /* XCRemoteSwiftPackageReference "Kingfisher" */ = {
			isa = XCRemoteSwiftPackageReference;
			repositoryURL = "https://github.com/onevcat/Kingfisher.git";
			requirement = {
				kind = upToNextMajorVersion;
				minimumVersion = 7.0.0;
			};
		};
/* End XCRemoteSwiftPackageReference section */

/* Begin XCSwiftPackageProductDependency section */
		8229950929378DAB0091A2AC /* Kingfisher */ = {
			isa = XCSwiftPackageProductDependency;
			package = 8229950829378DAB0091A2AC /* XCRemoteSwiftPackageReference "Kingfisher" */;
			productName = Kingfisher;
		};
/* End XCSwiftPackageProductDependency section */
	};
	rootObject = 821CBE73292BB0DB00BF9CBF /* Project object */;
}
